
Microsoft Visual Studio Solution File, Format Version 12.00
# Visual Studio Version 17
VisualStudioVersion = 17.10.34916.146
MinimumVisualStudioVersion = 10.0.40219.1
Project("{9A19103F-16F7-4668-BE54-9A1E7A4F7556}") = "Server", "Server\Server.csproj", "{042DAE2B-6BD6-49FB-9BF4-BCD19EDBF9D8}"
EndProject
Project("{FAE04EC0-301F-11D3-BF4B-00C04F79EFBC}") = "Client", "..\..\client_packages\cs_packages\Client\Client.csproj", "{D742C0B3-B85F-4CA5-8FA4-93B85E050CD8}"
EndProject
Global
	GlobalSection(SolutionConfigurationPlatforms) = preSolution
		Debug|Any CPU = Debug|Any CPU
		Release|Any CPU = Release|Any CPU
	EndGlobalSection
	GlobalSection(ProjectConfigurationPlatforms) = postSolution
		{042DAE2B-6BD6-49FB-9BF4-BCD19EDBF9D8}.Debug|Any CPU.ActiveCfg = Debug|Any CPU
		{042DAE2B-6BD6-49FB-9BF4-BCD19EDBF9D8}.Debug|Any CPU.Build.0 = Debug|Any CPU
		{042DAE2B-6BD6-49FB-9BF4-BCD19EDBF9D8}.Release|Any CPU.ActiveCfg = Release|Any CPU
		{042DAE2B-6BD6-49FB-9BF4-BCD19EDBF9D8}.Release|Any CPU.Build.0 = Release|Any CPU
		{D742C0B3-B85F-4CA5-8FA4-93B85E050CD8}.Debug|Any CPU.ActiveCfg = Debug|Any CPU
		{D742C0B3-B85F-4CA5-8FA4-93B85E050CD8}.Debug|Any CPU.Build.0 = Debug|Any CPU
		{D742C0B3-B85F-4CA5-8FA4-93B85E050CD8}.Release|Any CPU.ActiveCfg = Release|Any CPU
		{D742C0B3-B85F-4CA5-8FA4-93B85E050CD8}.Release|Any CPU.Build.0 = Release|Any CPU
	EndGlobalSection
	GlobalSection(SolutionProperties) = preSolution
		HideSolutionNode = FALSE
	EndGlobalSection
	GlobalSection(ExtensibilityGlobals) = postSolution
		SolutionGuid = {7C6C0EF8-0C80-4D22-88EF-84E25BE165BE}
	EndGlobalSection
EndGlobal
